
Microsoft Visual Studio Solution File, Format Version 12.00
# Visual Studio Version 17
VisualStudioVersion = 17.13.35919.96
MinimumVisualStudioVersion = 10.0.40219.1
Project("{FAE04EC0-301F-11D3-BF4B-00C04F79EFBC}") = "Program", "Program.csproj", "{42627EE9-7783-472E-B5C7-785854292737}"
EndProject
Project("{FAE04EC0-301F-11D3-BF4B-00C04F79EFBC}") = "Class01th(Grammar)", "..\Class01th(Grammar)\Class01th(Grammar).csproj", "{A953E504-0C57-4583-8086-23F9C6B1FB19}"
EndProject
Project("{FAE04EC0-301F-11D3-BF4B-00C04F79EFBC}") = "Class02th(Collection)", "..\Class02th(Collection)\Class02th(Collection).csproj", "{9BB8786C-ECB2-4341-B627-F9148BB5EF28}"
EndProject
Global
	GlobalSection(SolutionConfigurationPlatforms) = preSolution
		Debug|Any CPU = Debug|Any CPU
		Release|Any CPU = Release|Any CPU
	EndGlobalSection
	GlobalSection(ProjectConfigurationPlatforms) = postSolution
		{42627EE9-7783-472E-B5C7-785854292737}.Debug|Any CPU.ActiveCfg = Debug|Any CPU
		{42627EE9-7783-472E-B5C7-785854292737}.Debug|Any CPU.Build.0 = Debug|Any CPU
		{42627EE9-7783-472E-B5C7-785854292737}.Release|Any CPU.ActiveCfg = Release|Any CPU
		{42627EE9-7783-472E-B5C7-785854292737}.Release|Any CPU.Build.0 = Release|Any CPU
		{A953E504-0C57-4583-8086-23F9C6B1FB19}.Debug|Any CPU.ActiveCfg = Debug|Any CPU
		{A953E504-0C57-4583-8086-23F9C6B1FB19}.Debug|Any CPU.Build.0 = Debug|Any CPU
		{A953E504-0C57-4583-8086-23F9C6B1FB19}.Release|Any CPU.ActiveCfg = Release|Any CPU
		{A953E504-0C57-4583-8086-23F9C6B1FB19}.Release|Any CPU.Build.0 = Release|Any CPU
		{9BB8786C-ECB2-4341-B627-F9148BB5EF28}.Debug|Any CPU.ActiveCfg = Debug|Any CPU
		{9BB8786C-ECB2-4341-B627-F9148BB5EF28}.Debug|Any CPU.Build.0 = Debug|Any CPU
		{9BB8786C-ECB2-4341-B627-F9148BB5EF28}.Release|Any CPU.ActiveCfg = Release|Any CPU
		{9BB8786C-ECB2-4341-B627-F9148BB5EF28}.Release|Any CPU.Build.0 = Release|Any CPU
	EndGlobalSection
	GlobalSection(SolutionProperties) = preSolution
		HideSolutionNode = FALSE
	EndGlobalSection
	GlobalSection(ExtensibilityGlobals) = postSolution
		SolutionGuid = {61BB2BD3-A9A0-4143-B951-293F85F88196}
	EndGlobalSection
EndGlobal
